{
	"name": "exper-jiti-vite",
	"version": "1.0.0",
	"lockfileVersion": 3,
	"requires": true,
	"packages": {
		"": {
			"name": "exper-jiti-vite",
			"version": "1.0.0",
			"license": "ISC",
			"dependencies": {
				"jiti": "^1.21.0",
				"typescript": "^5.3.3"
			}
		},
		"node_modules/jiti": {
			"version": "1.21.0",
			"resolved": "https://registry.npmjs.org/jiti/-/jiti-1.21.0.tgz",
			"integrity": "sha512-gFqAIbuKyyso/3G2qhiO2OM6shY6EPP/R0+mkDbyspxKazh8BXDC5FiFsUjlczgdNz/vfra0da2y+aHrusLG/Q==",
			"bin": {
				"jiti": "bin/jiti.js"
			}
		},
		"node_modules/typescript": {
			"version": "5.3.3",
			"resolved": "https://registry.npmjs.org/typescript/-/typescript-5.3.3.tgz",
			"integrity": "sha512-pXWcraxM0uxAS+tN0AG/BF2TyqmHO014Z070UsJ+pFvYuRSq8KH8DmWpnbXe0pEPDHXZV3FcAbJkijJ5oNEnWw==",
			"bin": {
				"tsc": "bin/tsc",
				"tsserver": "bin/tsserver"
			},
			"engines": {
				"node": ">=14.17"
			}
		}
	}
}
